
Microsoft Visual Studio Solution File, Format Version 12.00
# Visual Studio 15
VisualStudioVersion = 15.0.28307.572
MinimumVisualStudioVersion = 10.0.40219.1
Project("{9A19103F-16F7-4668-BE54-9A1E7A4F7556}") = "AirlineFlightDataService.Tests", "AirlineFlightDataService.Tests\AirlineFlightDataService.Tests.csproj", "{2255E86D-21CC-4620-A2C0-3FFC2E81F178}"
EndProject
Project("{9A19103F-16F7-4668-BE54-9A1E7A4F7556}") = "AirlineFlightDataService.Business", "AirlineFlightDataService.Business\AirlineFlightDataService.Business.csproj", "{E9704006-350E-4070-A5ED-3D0BCB698F35}"
EndProject
Project("{FAE04EC0-301F-11D3-BF4B-00C04F79EFBC}") = "AirlineFlightDataService", "AirlineFlightDataService\AirlineFlightDataService.csproj", "{7F8A328E-AA24-443C-9339-CA49C1FB694B}"
EndProject
Global
	GlobalSection(SolutionConfigurationPlatforms) = preSolution
		Debug|Any CPU = Debug|Any CPU
		Release|Any CPU = Release|Any CPU
	EndGlobalSection
	GlobalSection(ProjectConfigurationPlatforms) = postSolution
		{2255E86D-21CC-4620-A2C0-3FFC2E81F178}.Debug|Any CPU.ActiveCfg = Debug|Any CPU
		{2255E86D-21CC-4620-A2C0-3FFC2E81F178}.Debug|Any CPU.Build.0 = Debug|Any CPU
		{2255E86D-21CC-4620-A2C0-3FFC2E81F178}.Release|Any CPU.ActiveCfg = Release|Any CPU
		{2255E86D-21CC-4620-A2C0-3FFC2E81F178}.Release|Any CPU.Build.0 = Release|Any CPU
		{E9704006-350E-4070-A5ED-3D0BCB698F35}.Debug|Any CPU.ActiveCfg = Debug|Any CPU
		{E9704006-350E-4070-A5ED-3D0BCB698F35}.Debug|Any CPU.Build.0 = Debug|Any CPU
		{E9704006-350E-4070-A5ED-3D0BCB698F35}.Release|Any CPU.ActiveCfg = Release|Any CPU
		{E9704006-350E-4070-A5ED-3D0BCB698F35}.Release|Any CPU.Build.0 = Release|Any CPU
		{7F8A328E-AA24-443C-9339-CA49C1FB694B}.Debug|Any CPU.ActiveCfg = Debug|Any CPU
		{7F8A328E-AA24-443C-9339-CA49C1FB694B}.Debug|Any CPU.Build.0 = Debug|Any CPU
		{7F8A328E-AA24-443C-9339-CA49C1FB694B}.Release|Any CPU.ActiveCfg = Release|Any CPU
		{7F8A328E-AA24-443C-9339-CA49C1FB694B}.Release|Any CPU.Build.0 = Release|Any CPU
	EndGlobalSection
	GlobalSection(SolutionProperties) = preSolution
		HideSolutionNode = FALSE
	EndGlobalSection
	GlobalSection(ExtensibilityGlobals) = postSolution
		SolutionGuid = {D128F515-36BF-49F7-968B-322FFD1853F9}
	EndGlobalSection
EndGlobal
